// !$*UTF8*$!
{
	archiveVersion = 1;
	classes = {
	};
	objectVersion = 55;
	objects = {

/* Begin PBXBuildFile section */
		1EF9CEF97B7F03C2E5440DEA /* Pods_FaceMagikTests.framework in Frameworks */ = {isa = PBXBuildFile; fileRef = 4AD3B1CFC3BF31831316B999 /* Pods_FaceMagikTests.framework */; };
		986A64E427E7C4850002770F /* AppDelegate.swift in Sources */ = {isa = PBXBuildFile; fileRef = 986A64E327E7C4850002770F /* AppDelegate.swift */; };
		986A64E627E7C4850002770F /* SceneDelegate.swift in Sources */ = {isa = PBXBuildFile; fileRef = 986A64E527E7C4850002770F /* SceneDelegate.swift */; };
		986A64E827E7C4850002770F /* ViewController.swift in Sources */ = {isa = PBXBuildFile; fileRef = 986A64E727E7C4850002770F /* ViewController.swift */; };
		986A64EB27E7C4850002770F /* Main.storyboard in Resources */ = {isa = PBXBuildFile; fileRef = 986A64E927E7C4850002770F /* Main.storyboard */; };
		986A64ED27E7C4870002770F /* Assets.xcassets in Resources */ = {isa = PBXBuildFile; fileRef = 986A64EC27E7C4870002770F /* Assets.xcassets */; };
		986A64F027E7C4870002770F /* LaunchScreen.storyboard in Resources */ = {isa = PBXBuildFile; fileRef = 986A64EE27E7C4870002770F /* LaunchScreen.storyboard */; };
		986A64FB27E7C4870002770F /* FaceMagikTests.swift in Sources */ = {isa = PBXBuildFile; fileRef = 986A64FA27E7C4870002770F /* FaceMagikTests.swift */; };
		986A650527E7C4870002770F /* FaceMagikUITests.swift in Sources */ = {isa = PBXBuildFile; fileRef = 986A650427E7C4870002770F /* FaceMagikUITests.swift */; };
		986A650727E7C4870002770F /* FaceMagikUITestsLaunchTests.swift in Sources */ = {isa = PBXBuildFile; fileRef = 986A650627E7C4870002770F /* FaceMagikUITestsLaunchTests.swift */; };
		986A651827E7F2360002770F /* SkinToneTest.storyboard in Resources */ = {isa = PBXBuildFile; fileRef = 986A651727E7F2360002770F /* SkinToneTest.storyboard */; };
		986A651A27E7F25B0002770F /* SkinToneTest.swift in Sources */ = {isa = PBXBuildFile; fileRef = 986A651927E7F25B0002770F /* SkinToneTest.swift */; };
		986A651C27ED5DC40002770F /* BackendService.swift in Sources */ = {isa = PBXBuildFile; fileRef = 986A651B27ED5DC40002770F /* BackendService.swift */; };
		986A651E27EE776A0002770F /* SessionResponseHandler.swift in Sources */ = {isa = PBXBuildFile; fileRef = 986A651D27EE77690002770F /* SessionResponseHandler.swift */; };
		986A652027EF6F850002770F /* Utils.swift in Sources */ = {isa = PBXBuildFile; fileRef = 986A651F27EF6F850002770F /* Utils.swift */; };
		986A652227F052A40002770F /* FaceContourDetector.swift in Sources */ = {isa = PBXBuildFile; fileRef = 986A652127F052A40002770F /* FaceContourDetector.swift */; };
		986A652427F2D72B0002770F /* FaceContourDelegate.swift in Sources */ = {isa = PBXBuildFile; fileRef = 986A652327F2D72B0002770F /* FaceContourDelegate.swift */; };
		986A652627FF40640002770F /* FaceContourUtils.swift in Sources */ = {isa = PBXBuildFile; fileRef = 986A652527FF40640002770F /* FaceContourUtils.swift */; };
		986A652A280FC61E0002770F /* FaceMaskUtils.swift in Sources */ = {isa = PBXBuildFile; fileRef = 986A6529280FC61E0002770F /* FaceMaskUtils.swift */; };
		98D8B2CB281B238700592E78 /* UserSessionService.swift in Sources */ = {isa = PBXBuildFile; fileRef = 98D8B2CA281B238700592E78 /* UserSessionService.swift */; };
		98D8B2CD281B3E5100592E78 /* UserSessionServiceDelegate.swift in Sources */ = {isa = PBXBuildFile; fileRef = 98D8B2CC281B3E5100592E78 /* UserSessionServiceDelegate.swift */; };
		994D42197966AF4D3F6C9384 /* Pods_FaceMagik_FaceMagikUITests.framework in Frameworks */ = {isa = PBXBuildFile; fileRef = D840143DB80361451B66E32B /* Pods_FaceMagik_FaceMagikUITests.framework */; };
		A6EE91A8E0CE4421C8DCD558 /* Pods_FaceMagik.framework in Frameworks */ = {isa = PBXBuildFile; fileRef = 102E3D0250BF99176CD9452B /* Pods_FaceMagik.framework */; };
/* End PBXBuildFile section */

/* Begin PBXContainerItemProxy section */
		986A64F727E7C4870002770F /* PBXContainerItemProxy */ = {
			isa = PBXContainerItemProxy;
			containerPortal = 986A64D827E7C4850002770F /* Project object */;
			proxyType = 1;
			remoteGlobalIDString = 986A64DF27E7C4850002770F;
			remoteInfo = FaceMagik;
		};
		986A650127E7C4870002770F /* PBXContainerItemProxy */ = {
			isa = PBXContainerItemProxy;
			containerPortal = 986A64D827E7C4850002770F /* Project object */;
			proxyType = 1;
			remoteGlobalIDString = 986A64DF27E7C4850002770F;
			remoteInfo = FaceMagik;
		};
/* End PBXContainerItemProxy section */

/* Begin PBXFileReference section */
		06983E966C4A34304C89D026 /* Pods-FaceMagikTests.debug.xcconfig */ = {isa = PBXFileReference; includeInIndex = 1; lastKnownFileType = text.xcconfig; name = "Pods-FaceMagikTests.debug.xcconfig"; path = "Target Support Files/Pods-FaceMagikTests/Pods-FaceMagikTests.debug.xcconfig"; sourceTree = "<group>"; };
		102E3D0250BF99176CD9452B /* Pods_FaceMagik.framework */ = {isa = PBXFileReference; explicitFileType = wrapper.framework; includeInIndex = 0; path = Pods_FaceMagik.framework; sourceTree = BUILT_PRODUCTS_DIR; };
		16B9F3C73AF57F14EE497D88 /* Pods-FaceMagik.release.xcconfig */ = {isa = PBXFileReference; includeInIndex = 1; lastKnownFileType = text.xcconfig; name = "Pods-FaceMagik.release.xcconfig"; path = "Target Support Files/Pods-FaceMagik/Pods-FaceMagik.release.xcconfig"; sourceTree = "<group>"; };
		4AD3B1CFC3BF31831316B999 /* Pods_FaceMagikTests.framework */ = {isa = PBXFileReference; explicitFileType = wrapper.framework; includeInIndex = 0; path = Pods_FaceMagikTests.framework; sourceTree = BUILT_PRODUCTS_DIR; };
		9241BA7B038F66DCF66B2607 /* Pods-FaceMagik-FaceMagikUITests.release.xcconfig */ = {isa = PBXFileReference; includeInIndex = 1; lastKnownFileType = text.xcconfig; name = "Pods-FaceMagik-FaceMagikUITests.release.xcconfig"; path = "Target Support Files/Pods-FaceMagik-FaceMagikUITests/Pods-FaceMagik-FaceMagikUITests.release.xcconfig"; sourceTree = "<group>"; };
		986A64E027E7C4850002770F /* FaceMagik.app */ = {isa = PBXFileReference; explicitFileType = wrapper.application; includeInIndex = 0; path = FaceMagik.app; sourceTree = BUILT_PRODUCTS_DIR; };
		986A64E327E7C4850002770F /* AppDelegate.swift */ = {isa = PBXFileReference; lastKnownFileType = sourcecode.swift; path = AppDelegate.swift; sourceTree = "<group>"; };
		986A64E527E7C4850002770F /* SceneDelegate.swift */ = {isa = PBXFileReference; lastKnownFileType = sourcecode.swift; path = SceneDelegate.swift; sourceTree = "<group>"; };
		986A64E727E7C4850002770F /* ViewController.swift */ = {isa = PBXFileReference; lastKnownFileType = sourcecode.swift; path = ViewController.swift; sourceTree = "<group>"; };
		986A64EA27E7C4850002770F /* Base */ = {isa = PBXFileReference; lastKnownFileType = file.storyboard; name = Base; path = Base.lproj/Main.storyboard; sourceTree = "<group>"; };
		986A64EC27E7C4870002770F /* Assets.xcassets */ = {isa = PBXFileReference; lastKnownFileType = folder.assetcatalog; path = Assets.xcassets; sourceTree = "<group>"; };
		986A64EF27E7C4870002770F /* Base */ = {isa = PBXFileReference; lastKnownFileType = file.storyboard; name = Base; path = Base.lproj/LaunchScreen.storyboard; sourceTree = "<group>"; };
		986A64F127E7C4870002770F /* Info.plist */ = {isa = PBXFileReference; lastKnownFileType = text.plist.xml; path = Info.plist; sourceTree = "<group>"; };
		986A64F627E7C4870002770F /* FaceMagikTests.xctest */ = {isa = PBXFileReference; explicitFileType = wrapper.cfbundle; includeInIndex = 0; path = FaceMagikTests.xctest; sourceTree = BUILT_PRODUCTS_DIR; };
		986A64FA27E7C4870002770F /* FaceMagikTests.swift */ = {isa = PBXFileReference; lastKnownFileType = sourcecode.swift; path = FaceMagikTests.swift; sourceTree = "<group>"; };
		986A650027E7C4870002770F /* FaceMagikUITests.xctest */ = {isa = PBXFileReference; explicitFileType = wrapper.cfbundle; includeInIndex = 0; path = FaceMagikUITests.xctest; sourceTree = BUILT_PRODUCTS_DIR; };
		986A650427E7C4870002770F /* FaceMagikUITests.swift */ = {isa = PBXFileReference; lastKnownFileType = sourcecode.swift; path = FaceMagikUITests.swift; sourceTree = "<group>"; };
		986A650627E7C4870002770F /* FaceMagikUITestsLaunchTests.swift */ = {isa = PBXFileReference; lastKnownFileType = sourcecode.swift; path = FaceMagikUITestsLaunchTests.swift; sourceTree = "<group>"; };
		986A651727E7F2360002770F /* SkinToneTest.storyboard */ = {isa = PBXFileReference; lastKnownFileType = file.storyboard; path = SkinToneTest.storyboard; sourceTree = "<group>"; };
		986A651927E7F25B0002770F /* SkinToneTest.swift */ = {isa = PBXFileReference; lastKnownFileType = sourcecode.swift; path = SkinToneTest.swift; sourceTree = "<group>"; };
		986A651B27ED5DC40002770F /* BackendService.swift */ = {isa = PBXFileReference; lastKnownFileType = sourcecode.swift; path = BackendService.swift; sourceTree = "<group>"; };
		986A651D27EE77690002770F /* SessionResponseHandler.swift */ = {isa = PBXFileReference; lastKnownFileType = sourcecode.swift; path = SessionResponseHandler.swift; sourceTree = "<group>"; };
		986A651F27EF6F850002770F /* Utils.swift */ = {isa = PBXFileReference; lastKnownFileType = sourcecode.swift; path = Utils.swift; sourceTree = "<group>"; };
		986A652127F052A40002770F /* FaceContourDetector.swift */ = {isa = PBXFileReference; lastKnownFileType = sourcecode.swift; path = FaceContourDetector.swift; sourceTree = "<group>"; };
		986A652327F2D72B0002770F /* FaceContourDelegate.swift */ = {isa = PBXFileReference; lastKnownFileType = sourcecode.swift; path = FaceContourDelegate.swift; sourceTree = "<group>"; };
		986A652527FF40640002770F /* FaceContourUtils.swift */ = {isa = PBXFileReference; lastKnownFileType = sourcecode.swift; path = FaceContourUtils.swift; sourceTree = "<group>"; };
		986A6529280FC61E0002770F /* FaceMaskUtils.swift */ = {isa = PBXFileReference; lastKnownFileType = sourcecode.swift; path = FaceMaskUtils.swift; sourceTree = "<group>"; };
		98D8B2CA281B238700592E78 /* UserSessionService.swift */ = {isa = PBXFileReference; lastKnownFileType = sourcecode.swift; path = UserSessionService.swift; sourceTree = "<group>"; };
		98D8B2CC281B3E5100592E78 /* UserSessionServiceDelegate.swift */ = {isa = PBXFileReference; lastKnownFileType = sourcecode.swift; path = UserSessionServiceDelegate.swift; sourceTree = "<group>"; };
		BC5CD5A31F30FA87E12FA1CA /* Pods-FaceMagikTests.release.xcconfig */ = {isa = PBXFileReference; includeInIndex = 1; lastKnownFileType = text.xcconfig; name = "Pods-FaceMagikTests.release.xcconfig"; path = "Target Support Files/Pods-FaceMagikTests/Pods-FaceMagikTests.release.xcconfig"; sourceTree = "<group>"; };
		C711CE50A3DC8FEFB9E50400 /* Pods-FaceMagik-FaceMagikUITests.debug.xcconfig */ = {isa = PBXFileReference; includeInIndex = 1; lastKnownFileType = text.xcconfig; name = "Pods-FaceMagik-FaceMagikUITests.debug.xcconfig"; path = "Target Support Files/Pods-FaceMagik-FaceMagikUITests/Pods-FaceMagik-FaceMagikUITests.debug.xcconfig"; sourceTree = "<group>"; };
		D7F6706275003A5B3CBEF573 /* Pods-FaceMagik.debug.xcconfig */ = {isa = PBXFileReference; includeInIndex = 1; lastKnownFileType = text.xcconfig; name = "Pods-FaceMagik.debug.xcconfig"; path = "Target Support Files/Pods-FaceMagik/Pods-FaceMagik.debug.xcconfig"; sourceTree = "<group>"; };
		D840143DB80361451B66E32B /* Pods_FaceMagik_FaceMagikUITests.framework */ = {isa = PBXFileReference; explicitFileType = wrapper.framework; includeInIndex = 0; path = Pods_FaceMagik_FaceMagikUITests.framework; sourceTree = BUILT_PRODUCTS_DIR; };
/* End PBXFileReference section */

/* Begin PBXFrameworksBuildPhase section */
		986A64DD27E7C4850002770F /* Frameworks */ = {
			isa = PBXFrameworksBuildPhase;
			buildActionMask = 2147483647;
			files = (
				A6EE91A8E0CE4421C8DCD558 /* Pods_FaceMagik.framework in Frameworks */,
			);
			runOnlyForDeploymentPostprocessing = 0;
		};
		986A64F327E7C4870002770F /* Frameworks */ = {
			isa = PBXFrameworksBuildPhase;
			buildActionMask = 2147483647;
			files = (
				1EF9CEF97B7F03C2E5440DEA /* Pods_FaceMagikTests.framework in Frameworks */,
			);
			runOnlyForDeploymentPostprocessing = 0;
		};
		986A64FD27E7C4870002770F /* Frameworks */ = {
			isa = PBXFrameworksBuildPhase;
			buildActionMask = 2147483647;
			files = (
				994D42197966AF4D3F6C9384 /* Pods_FaceMagik_FaceMagikUITests.framework in Frameworks */,
			);
			runOnlyForDeploymentPostprocessing = 0;
		};
/* End PBXFrameworksBuildPhase section */

/* Begin PBXGroup section */
		2FE94A8C869F955DF41E2E39 /* Frameworks */ = {
			isa = PBXGroup;
			children = (
				102E3D0250BF99176CD9452B /* Pods_FaceMagik.framework */,
				D840143DB80361451B66E32B /* Pods_FaceMagik_FaceMagikUITests.framework */,
				4AD3B1CFC3BF31831316B999 /* Pods_FaceMagikTests.framework */,
			);
			name = Frameworks;
			sourceTree = "<group>";
		};
		986A64D727E7C4850002770F = {
			isa = PBXGroup;
			children = (
				986A64E227E7C4850002770F /* FaceMagik */,
				986A64F927E7C4870002770F /* FaceMagikTests */,
				986A650327E7C4870002770F /* FaceMagikUITests */,
				986A64E127E7C4850002770F /* Products */,
				D7A3C167EBE1F7E1412614CA /* Pods */,
				2FE94A8C869F955DF41E2E39 /* Frameworks */,
			);
			sourceTree = "<group>";
		};
		986A64E127E7C4850002770F /* Products */ = {
			isa = PBXGroup;
			children = (
				986A64E027E7C4850002770F /* FaceMagik.app */,
				986A64F627E7C4870002770F /* FaceMagikTests.xctest */,
				986A650027E7C4870002770F /* FaceMagikUITests.xctest */,
			);
			name = Products;
			sourceTree = "<group>";
		};
		986A64E227E7C4850002770F /* FaceMagik */ = {
			isa = PBXGroup;
			children = (
				986A64E327E7C4850002770F /* AppDelegate.swift */,
				986A64E527E7C4850002770F /* SceneDelegate.swift */,
				986A64E727E7C4850002770F /* ViewController.swift */,
				986A64E927E7C4850002770F /* Main.storyboard */,
				986A651727E7F2360002770F /* SkinToneTest.storyboard */,
				986A651927E7F25B0002770F /* SkinToneTest.swift */,
				98D8B2CA281B238700592E78 /* UserSessionService.swift */,
				98D8B2CC281B3E5100592E78 /* UserSessionServiceDelegate.swift */,
				986A651B27ED5DC40002770F /* BackendService.swift */,
				986A651D27EE77690002770F /* SessionResponseHandler.swift */,
				986A652527FF40640002770F /* FaceContourUtils.swift */,
				986A6529280FC61E0002770F /* FaceMaskUtils.swift */,
				986A652127F052A40002770F /* FaceContourDetector.swift */,
				986A652327F2D72B0002770F /* FaceContourDelegate.swift */,
				986A651F27EF6F850002770F /* Utils.swift */,
				986A64EC27E7C4870002770F /* Assets.xcassets */,
				986A64EE27E7C4870002770F /* LaunchScreen.storyboard */,
				986A64F127E7C4870002770F /* Info.plist */,
			);
			path = FaceMagik;
			sourceTree = "<group>";
		};
		986A64F927E7C4870002770F /* FaceMagikTests */ = {
			isa = PBXGroup;
			children = (
				986A64FA27E7C4870002770F /* FaceMagikTests.swift */,
			);
			path = FaceMagikTests;
			sourceTree = "<group>";
		};
		986A650327E7C4870002770F /* FaceMagikUITests */ = {
			isa = PBXGroup;
			children = (
				986A650427E7C4870002770F /* FaceMagikUITests.swift */,
				986A650627E7C4870002770F /* FaceMagikUITestsLaunchTests.swift */,
			);
			path = FaceMagikUITests;
			sourceTree = "<group>";
		};
		D7A3C167EBE1F7E1412614CA /* Pods */ = {
			isa = PBXGroup;
			children = (
				D7F6706275003A5B3CBEF573 /* Pods-FaceMagik.debug.xcconfig */,
				16B9F3C73AF57F14EE497D88 /* Pods-FaceMagik.release.xcconfig */,
				C711CE50A3DC8FEFB9E50400 /* Pods-FaceMagik-FaceMagikUITests.debug.xcconfig */,
				9241BA7B038F66DCF66B2607 /* Pods-FaceMagik-FaceMagikUITests.release.xcconfig */,
				06983E966C4A34304C89D026 /* Pods-FaceMagikTests.debug.xcconfig */,
				BC5CD5A31F30FA87E12FA1CA /* Pods-FaceMagikTests.release.xcconfig */,
			);
			path = Pods;
			sourceTree = "<group>";
		};
/* End PBXGroup section */

/* Begin PBXNativeTarget section */
		986A64DF27E7C4850002770F /* FaceMagik */ = {
			isa = PBXNativeTarget;
			buildConfigurationList = 986A650A27E7C4870002770F /* Build configuration list for PBXNativeTarget "FaceMagik" */;
			buildPhases = (
				699EA5034960075E8303A07B /* [CP] Check Pods Manifest.lock */,
				986A64DC27E7C4850002770F /* Sources */,
				986A64DD27E7C4850002770F /* Frameworks */,
				986A64DE27E7C4850002770F /* Resources */,
				7F114283FD08F9146490C6D9 /* [CP] Embed Pods Frameworks */,
				F47E2A916C20F56341639587 /* [CP] Copy Pods Resources */,
			);
			buildRules = (
			);
			dependencies = (
			);
			name = FaceMagik;
			productName = FaceMagik;
			productReference = 986A64E027E7C4850002770F /* FaceMagik.app */;
			productType = "com.apple.product-type.application";
		};
		986A64F527E7C4870002770F /* FaceMagikTests */ = {
			isa = PBXNativeTarget;
			buildConfigurationList = 986A650D27E7C4870002770F /* Build configuration list for PBXNativeTarget "FaceMagikTests" */;
			buildPhases = (
				0699EBB1D42631B173FA1C1F /* [CP] Check Pods Manifest.lock */,
				986A64F227E7C4870002770F /* Sources */,
				986A64F327E7C4870002770F /* Frameworks */,
				986A64F427E7C4870002770F /* Resources */,
			);
			buildRules = (
			);
			dependencies = (
				986A64F827E7C4870002770F /* PBXTargetDependency */,
			);
			name = FaceMagikTests;
			productName = FaceMagikTests;
			productReference = 986A64F627E7C4870002770F /* FaceMagikTests.xctest */;
			productType = "com.apple.product-type.bundle.unit-test";
		};
		986A64FF27E7C4870002770F /* FaceMagikUITests */ = {
			isa = PBXNativeTarget;
			buildConfigurationList = 986A651027E7C4870002770F /* Build configuration list for PBXNativeTarget "FaceMagikUITests" */;
			buildPhases = (
				B22CD3F2666100745227754C /* [CP] Check Pods Manifest.lock */,
				986A64FC27E7C4870002770F /* Sources */,
				986A64FD27E7C4870002770F /* Frameworks */,
				986A64FE27E7C4870002770F /* Resources */,
				43CDA353B27B07FDFFFA10AA /* [CP] Embed Pods Frameworks */,
				5D79F24200C243F4B1D59B9E /* [CP] Copy Pods Resources */,
			);
			buildRules = (
			);
			dependencies = (
				986A650227E7C4870002770F /* PBXTargetDependency */,
			);
			name = FaceMagikUITests;
			productName = FaceMagikUITests;
			productReference = 986A650027E7C4870002770F /* FaceMagikUITests.xctest */;
			productType = "com.apple.product-type.bundle.ui-testing";
		};
/* End PBXNativeTarget section */

/* Begin PBXProject section */
		986A64D827E7C4850002770F /* Project object */ = {
			isa = PBXProject;
			attributes = {
				BuildIndependentTargetsInParallel = 1;
				LastSwiftUpdateCheck = 1320;
				LastUpgradeCheck = 1320;
				TargetAttributes = {
					986A64DF27E7C4850002770F = {
						CreatedOnToolsVersion = 13.2.1;
					};
					986A64F527E7C4870002770F = {
						CreatedOnToolsVersion = 13.2.1;
						TestTargetID = 986A64DF27E7C4850002770F;
					};
					986A64FF27E7C4870002770F = {
						CreatedOnToolsVersion = 13.2.1;
						TestTargetID = 986A64DF27E7C4850002770F;
					};
				};
			};
			buildConfigurationList = 986A64DB27E7C4850002770F /* Build configuration list for PBXProject "FaceMagik" */;
			compatibilityVersion = "Xcode 13.0";
			developmentRegion = en;
			hasScannedForEncodings = 0;
			knownRegions = (
				en,
				Base,
			);
			mainGroup = 986A64D727E7C4850002770F;
			productRefGroup = 986A64E127E7C4850002770F /* Products */;
			projectDirPath = "";
			projectRoot = "";
			targets = (
				986A64DF27E7C4850002770F /* FaceMagik */,
				986A64F527E7C4870002770F /* FaceMagikTests */,
				986A64FF27E7C4870002770F /* FaceMagikUITests */,
			);
		};
/* End PBXProject section */

/* Begin PBXResourcesBuildPhase section */
		986A64DE27E7C4850002770F /* Resources */ = {
			isa = PBXResourcesBuildPhase;
			buildActionMask = 2147483647;
			files = (
				986A64F027E7C4870002770F /* LaunchScreen.storyboard in Resources */,
				986A651827E7F2360002770F /* SkinToneTest.storyboard in Resources */,
				986A64ED27E7C4870002770F /* Assets.xcassets in Resources */,
				986A64EB27E7C4850002770F /* Main.storyboard in Resources */,
			);
			runOnlyForDeploymentPostprocessing = 0;
		};
		986A64F427E7C4870002770F /* Resources */ = {
			isa = PBXResourcesBuildPhase;
			buildActionMask = 2147483647;
			files = (
			);
			runOnlyForDeploymentPostprocessing = 0;
		};
		986A64FE27E7C4870002770F /* Resources */ = {
			isa = PBXResourcesBuildPhase;
			buildActionMask = 2147483647;
			files = (
			);
			runOnlyForDeploymentPostprocessing = 0;
		};
/* End PBXResourcesBuildPhase section */

/* Begin PBXShellScriptBuildPhase section */
		0699EBB1D42631B173FA1C1F /* [CP] Check Pods Manifest.lock */ = {
			isa = PBXShellScriptBuildPhase;
			buildActionMask = 2147483647;
			files = (
			);
			inputFileListPaths = (
			);
			inputPaths = (
				"${PODS_PODFILE_DIR_PATH}/Podfile.lock",
				"${PODS_ROOT}/Manifest.lock",
			);
			name = "[CP] Check Pods Manifest.lock";
			outputFileListPaths = (
			);
			outputPaths = (
				"$(DERIVED_FILE_DIR)/Pods-FaceMagikTests-checkManifestLockResult.txt",
			);
			runOnlyForDeploymentPostprocessing = 0;
			shellPath = /bin/sh;
			shellScript = "diff \"${PODS_PODFILE_DIR_PATH}/Podfile.lock\" \"${PODS_ROOT}/Manifest.lock\" > /dev/null\nif [ $? != 0 ] ; then\n    # print error to STDERR\n    echo \"error: The sandbox is not in sync with the Podfile.lock. Run 'pod install' or update your CocoaPods installation.\" >&2\n    exit 1\nfi\n# This output is used by Xcode 'outputs' to avoid re-running this script phase.\necho \"SUCCESS\" > \"${SCRIPT_OUTPUT_FILE_0}\"\n";
			showEnvVarsInLog = 0;
		};
		43CDA353B27B07FDFFFA10AA /* [CP] Embed Pods Frameworks */ = {
			isa = PBXShellScriptBuildPhase;
			buildActionMask = 2147483647;
			files = (
			);
			inputFileListPaths = (
				"${PODS_ROOT}/Target Support Files/Pods-FaceMagik-FaceMagikUITests/Pods-FaceMagik-FaceMagikUITests-frameworks-${CONFIGURATION}-input-files.xcfilelist",
			);
			name = "[CP] Embed Pods Frameworks";
			outputFileListPaths = (
				"${PODS_ROOT}/Target Support Files/Pods-FaceMagik-FaceMagikUITests/Pods-FaceMagik-FaceMagikUITests-frameworks-${CONFIGURATION}-output-files.xcfilelist",
			);
			runOnlyForDeploymentPostprocessing = 0;
			shellPath = /bin/sh;
			shellScript = "\"${PODS_ROOT}/Target Support Files/Pods-FaceMagik-FaceMagikUITests/Pods-FaceMagik-FaceMagikUITests-frameworks.sh\"\n";
			showEnvVarsInLog = 0;
		};
		5D79F24200C243F4B1D59B9E /* [CP] Copy Pods Resources */ = {
			isa = PBXShellScriptBuildPhase;
			buildActionMask = 2147483647;
			files = (
			);
			inputFileListPaths = (
				"${PODS_ROOT}/Target Support Files/Pods-FaceMagik-FaceMagikUITests/Pods-FaceMagik-FaceMagikUITests-resources-${CONFIGURATION}-input-files.xcfilelist",
			);
			name = "[CP] Copy Pods Resources";
			outputFileListPaths = (
				"${PODS_ROOT}/Target Support Files/Pods-FaceMagik-FaceMagikUITests/Pods-FaceMagik-FaceMagikUITests-resources-${CONFIGURATION}-output-files.xcfilelist",
			);
			runOnlyForDeploymentPostprocessing = 0;
			shellPath = /bin/sh;
			shellScript = "\"${PODS_ROOT}/Target Support Files/Pods-FaceMagik-FaceMagikUITests/Pods-FaceMagik-FaceMagikUITests-resources.sh\"\n";
			showEnvVarsInLog = 0;
		};
		699EA5034960075E8303A07B /* [CP] Check Pods Manifest.lock */ = {
			isa = PBXShellScriptBuildPhase;
			buildActionMask = 2147483647;
			files = (
			);
			inputFileListPaths = (
			);
			inputPaths = (
				"${PODS_PODFILE_DIR_PATH}/Podfile.lock",
				"${PODS_ROOT}/Manifest.lock",
			);
			name = "[CP] Check Pods Manifest.lock";
			outputFileListPaths = (
			);
			outputPaths = (
				"$(DERIVED_FILE_DIR)/Pods-FaceMagik-checkManifestLockResult.txt",
			);
			runOnlyForDeploymentPostprocessing = 0;
			shellPath = /bin/sh;
			shellScript = "diff \"${PODS_PODFILE_DIR_PATH}/Podfile.lock\" \"${PODS_ROOT}/Manifest.lock\" > /dev/null\nif [ $? != 0 ] ; then\n    # print error to STDERR\n    echo \"error: The sandbox is not in sync with the Podfile.lock. Run 'pod install' or update your CocoaPods installation.\" >&2\n    exit 1\nfi\n# This output is used by Xcode 'outputs' to avoid re-running this script phase.\necho \"SUCCESS\" > \"${SCRIPT_OUTPUT_FILE_0}\"\n";
			showEnvVarsInLog = 0;
		};
		7F114283FD08F9146490C6D9 /* [CP] Embed Pods Frameworks */ = {
			isa = PBXShellScriptBuildPhase;
			buildActionMask = 2147483647;
			files = (
			);
			inputFileListPaths = (
				"${PODS_ROOT}/Target Support Files/Pods-FaceMagik/Pods-FaceMagik-frameworks-${CONFIGURATION}-input-files.xcfilelist",
			);
			name = "[CP] Embed Pods Frameworks";
			outputFileListPaths = (
				"${PODS_ROOT}/Target Support Files/Pods-FaceMagik/Pods-FaceMagik-frameworks-${CONFIGURATION}-output-files.xcfilelist",
			);
			runOnlyForDeploymentPostprocessing = 0;
			shellPath = /bin/sh;
			shellScript = "\"${PODS_ROOT}/Target Support Files/Pods-FaceMagik/Pods-FaceMagik-frameworks.sh\"\n";
			showEnvVarsInLog = 0;
		};
		B22CD3F2666100745227754C /* [CP] Check Pods Manifest.lock */ = {
			isa = PBXShellScriptBuildPhase;
			buildActionMask = 2147483647;
			files = (
			);
			inputFileListPaths = (
			);
			inputPaths = (
				"${PODS_PODFILE_DIR_PATH}/Podfile.lock",
				"${PODS_ROOT}/Manifest.lock",
			);
			name = "[CP] Check Pods Manifest.lock";
			outputFileListPaths = (
			);
			outputPaths = (
				"$(DERIVED_FILE_DIR)/Pods-FaceMagik-FaceMagikUITests-checkManifestLockResult.txt",
			);
			runOnlyForDeploymentPostprocessing = 0;
			shellPath = /bin/sh;
			shellScript = "diff \"${PODS_PODFILE_DIR_PATH}/Podfile.lock\" \"${PODS_ROOT}/Manifest.lock\" > /dev/null\nif [ $? != 0 ] ; then\n    # print error to STDERR\n    echo \"error: The sandbox is not in sync with the Podfile.lock. Run 'pod install' or update your CocoaPods installation.\" >&2\n    exit 1\nfi\n# This output is used by Xcode 'outputs' to avoid re-running this script phase.\necho \"SUCCESS\" > \"${SCRIPT_OUTPUT_FILE_0}\"\n";
			showEnvVarsInLog = 0;
		};
		F47E2A916C20F56341639587 /* [CP] Copy Pods Resources */ = {
			isa = PBXShellScriptBuildPhase;
			buildActionMask = 2147483647;
			files = (
			);
			inputFileListPaths = (
				"${PODS_ROOT}/Target Support Files/Pods-FaceMagik/Pods-FaceMagik-resources-${CONFIGURATION}-input-files.xcfilelist",
			);
			name = "[CP] Copy Pods Resources";
			outputFileListPaths = (
				"${PODS_ROOT}/Target Support Files/Pods-FaceMagik/Pods-FaceMagik-resources-${CONFIGURATION}-output-files.xcfilelist",
			);
			runOnlyForDeploymentPostprocessing = 0;
			shellPath = /bin/sh;
			shellScript = "\"${PODS_ROOT}/Target Support Files/Pods-FaceMagik/Pods-FaceMagik-resources.sh\"\n";
			showEnvVarsInLog = 0;
		};
/* End PBXShellScriptBuildPhase section */

/* Begin PBXSourcesBuildPhase section */
		986A64DC27E7C4850002770F /* Sources */ = {
			isa = PBXSourcesBuildPhase;
			buildActionMask = 2147483647;
			files = (
				986A652427F2D72B0002770F /* FaceContourDelegate.swift in Sources */,
				986A651A27E7F25B0002770F /* SkinToneTest.swift in Sources */,
				986A64E827E7C4850002770F /* ViewController.swift in Sources */,
				986A651E27EE776A0002770F /* SessionResponseHandler.swift in Sources */,
				986A652027EF6F850002770F /* Utils.swift in Sources */,
				986A652627FF40640002770F /* FaceContourUtils.swift in Sources */,
				986A64E427E7C4850002770F /* AppDelegate.swift in Sources */,
				986A64E627E7C4850002770F /* SceneDelegate.swift in Sources */,
				986A652A280FC61E0002770F /* FaceMaskUtils.swift in Sources */,
				98D8B2CD281B3E5100592E78 /* UserSessionServiceDelegate.swift in Sources */,
				986A651C27ED5DC40002770F /* BackendService.swift in Sources */,
				986A652227F052A40002770F /* FaceContourDetector.swift in Sources */,
				98D8B2CB281B238700592E78 /* UserSessionService.swift in Sources */,
			);
			runOnlyForDeploymentPostprocessing = 0;
		};
		986A64F227E7C4870002770F /* Sources */ = {
			isa = PBXSourcesBuildPhase;
			buildActionMask = 2147483647;
			files = (
				986A64FB27E7C4870002770F /* FaceMagikTests.swift in Sources */,
			);
			runOnlyForDeploymentPostprocessing = 0;
		};
		986A64FC27E7C4870002770F /* Sources */ = {
			isa = PBXSourcesBuildPhase;
			buildActionMask = 2147483647;
			files = (
				986A650527E7C4870002770F /* FaceMagikUITests.swift in Sources */,
				986A650727E7C4870002770F /* FaceMagikUITestsLaunchTests.swift in Sources */,
			);
			runOnlyForDeploymentPostprocessing = 0;
		};
/* End PBXSourcesBuildPhase section */

/* Begin PBXTargetDependency section */
		986A64F827E7C4870002770F /* PBXTargetDependency */ = {
			isa = PBXTargetDependency;
			target = 986A64DF27E7C4850002770F /* FaceMagik */;
			targetProxy = 986A64F727E7C4870002770F /* PBXContainerItemProxy */;
		};
		986A650227E7C4870002770F /* PBXTargetDependency */ = {
			isa = PBXTargetDependency;
			target = 986A64DF27E7C4850002770F /* FaceMagik */;
			targetProxy = 986A650127E7C4870002770F /* PBXContainerItemProxy */;
		};
/* End PBXTargetDependency section */

/* Begin PBXVariantGroup section */
		986A64E927E7C4850002770F /* Main.storyboard */ = {
			isa = PBXVariantGroup;
			children = (
				986A64EA27E7C4850002770F /* Base */,
			);
			name = Main.storyboard;
			sourceTree = "<group>";
		};
		986A64EE27E7C4870002770F /* LaunchScreen.storyboard */ = {
			isa = PBXVariantGroup;
			children = (
				986A64EF27E7C4870002770F /* Base */,
			);
			name = LaunchScreen.storyboard;
			sourceTree = "<group>";
		};
/* End PBXVariantGroup section */

/* Begin XCBuildConfiguration section */
		986A650827E7C4870002770F /* Debug */ = {
			isa = XCBuildConfiguration;
			buildSettings = {
				ALWAYS_SEARCH_USER_PATHS = NO;
				CLANG_ANALYZER_NONNULL = YES;
				CLANG_ANALYZER_NUMBER_OBJECT_CONVERSION = YES_AGGRESSIVE;
				CLANG_CXX_LANGUAGE_STANDARD = "gnu++17";
				CLANG_CXX_LIBRARY = "libc++";
				CLANG_ENABLE_MODULES = YES;
				CLANG_ENABLE_OBJC_ARC = YES;
				CLANG_ENABLE_OBJC_WEAK = YES;
				CLANG_WARN_BLOCK_CAPTURE_AUTORELEASING = YES;
				CLANG_WARN_BOOL_CONVERSION = YES;
				CLANG_WARN_COMMA = YES;
				CLANG_WARN_CONSTANT_CONVERSION = YES;
				CLANG_WARN_DEPRECATED_OBJC_IMPLEMENTATIONS = YES;
				CLANG_WARN_DIRECT_OBJC_ISA_USAGE = YES_ERROR;
				CLANG_WARN_DOCUMENTATION_COMMENTS = YES;
				CLANG_WARN_EMPTY_BODY = YES;
				CLANG_WARN_ENUM_CONVERSION = YES;
				CLANG_WARN_INFINITE_RECURSION = YES;
				CLANG_WARN_INT_CONVERSION = YES;
				CLANG_WARN_NON_LITERAL_NULL_CONVERSION = YES;
				CLANG_WARN_OBJC_IMPLICIT_RETAIN_SELF = YES;
				CLANG_WARN_OBJC_LITERAL_CONVERSION = YES;
				CLANG_WARN_OBJC_ROOT_CLASS = YES_ERROR;
				CLANG_WARN_QUOTED_INCLUDE_IN_FRAMEWORK_HEADER = YES;
				CLANG_WARN_RANGE_LOOP_ANALYSIS = YES;
				CLANG_WARN_STRICT_PROTOTYPES = YES;
				CLANG_WARN_SUSPICIOUS_MOVE = YES;
				CLANG_WARN_UNGUARDED_AVAILABILITY = YES_AGGRESSIVE;
				CLANG_WARN_UNREACHABLE_CODE = YES;
				CLANG_WARN__DUPLICATE_METHOD_MATCH = YES;
				COPY_PHASE_STRIP = NO;
				DEBUG_INFORMATION_FORMAT = dwarf;
				ENABLE_STRICT_OBJC_MSGSEND = YES;
				ENABLE_TESTABILITY = YES;
				GCC_C_LANGUAGE_STANDARD = gnu11;
				GCC_DYNAMIC_NO_PIC = NO;
				GCC_NO_COMMON_BLOCKS = YES;
				GCC_OPTIMIZATION_LEVEL = 0;
				GCC_PREPROCESSOR_DEFINITIONS = (
					"DEBUG=1",
					"$(inherited)",
				);
				GCC_WARN_64_TO_32_BIT_CONVERSION = YES;
				GCC_WARN_ABOUT_RETURN_TYPE = YES_ERROR;
				GCC_WARN_UNDECLARED_SELECTOR = YES;
				GCC_WARN_UNINITIALIZED_AUTOS = YES_AGGRESSIVE;
				GCC_WARN_UNUSED_FUNCTION = YES;
				GCC_WARN_UNUSED_VARIABLE = YES;
				IPHONEOS_DEPLOYMENT_TARGET = 15.2;
				MTL_ENABLE_DEBUG_INFO = INCLUDE_SOURCE;
				MTL_FAST_MATH = YES;
				ONLY_ACTIVE_ARCH = YES;
				SDKROOT = iphoneos;
				SWIFT_ACTIVE_COMPILATION_CONDITIONS = DEBUG;
				SWIFT_OPTIMIZATION_LEVEL = "-Onone";
			};
			name = Debug;
		};
		986A650927E7C4870002770F /* Release */ = {
			isa = XCBuildConfiguration;
			buildSettings = {
				ALWAYS_SEARCH_USER_PATHS = NO;
				CLANG_ANALYZER_NONNULL = YES;
				CLANG_ANALYZER_NUMBER_OBJECT_CONVERSION = YES_AGGRESSIVE;
				CLANG_CXX_LANGUAGE_STANDARD = "gnu++17";
				CLANG_CXX_LIBRARY = "libc++";
				CLANG_ENABLE_MODULES = YES;
				CLANG_ENABLE_OBJC_ARC = YES;
				CLANG_ENABLE_OBJC_WEAK = YES;
				CLANG_WARN_BLOCK_CAPTURE_AUTORELEASING = YES;
				CLANG_WARN_BOOL_CONVERSION = YES;
				CLANG_WARN_COMMA = YES;
				CLANG_WARN_CONSTANT_CONVERSION = YES;
				CLANG_WARN_DEPRECATED_OBJC_IMPLEMENTATIONS = YES;
				CLANG_WARN_DIRECT_OBJC_ISA_USAGE = YES_ERROR;
				CLANG_WARN_DOCUMENTATION_COMMENTS = YES;
				CLANG_WARN_EMPTY_BODY = YES;
				CLANG_WARN_ENUM_CONVERSION = YES;
				CLANG_WARN_INFINITE_RECURSION = YES;
				CLANG_WARN_INT_CONVERSION = YES;
				CLANG_WARN_NON_LITERAL_NULL_CONVERSION = YES;
				CLANG_WARN_OBJC_IMPLICIT_RETAIN_SELF = YES;
				CLANG_WARN_OBJC_LITERAL_CONVERSION = YES;
				CLANG_WARN_OBJC_ROOT_CLASS = YES_ERROR;
				CLANG_WARN_QUOTED_INCLUDE_IN_FRAMEWORK_HEADER = YES;
				CLANG_WARN_RANGE_LOOP_ANALYSIS = YES;
				CLANG_WARN_STRICT_PROTOTYPES = YES;
				CLANG_WARN_SUSPICIOUS_MOVE = YES;
				CLANG_WARN_UNGUARDED_AVAILABILITY = YES_AGGRESSIVE;
				CLANG_WARN_UNREACHABLE_CODE = YES;
				CLANG_WARN__DUPLICATE_METHOD_MATCH = YES;
				COPY_PHASE_STRIP = NO;
				DEBUG_INFORMATION_FORMAT = "dwarf-with-dsym";
				ENABLE_NS_ASSERTIONS = NO;
				ENABLE_STRICT_OBJC_MSGSEND = YES;
				GCC_C_LANGUAGE_STANDARD = gnu11;
				GCC_NO_COMMON_BLOCKS = YES;
				GCC_WARN_64_TO_32_BIT_CONVERSION = YES;
				GCC_WARN_ABOUT_RETURN_TYPE = YES_ERROR;
				GCC_WARN_UNDECLARED_SELECTOR = YES;
				GCC_WARN_UNINITIALIZED_AUTOS = YES_AGGRESSIVE;
				GCC_WARN_UNUSED_FUNCTION = YES;
				GCC_WARN_UNUSED_VARIABLE = YES;
				IPHONEOS_DEPLOYMENT_TARGET = 15.2;
				MTL_ENABLE_DEBUG_INFO = NO;
				MTL_FAST_MATH = YES;
				SDKROOT = iphoneos;
				SWIFT_COMPILATION_MODE = wholemodule;
				SWIFT_OPTIMIZATION_LEVEL = "-O";
				VALIDATE_PRODUCT = YES;
			};
			name = Release;
		};
		986A650B27E7C4870002770F /* Debug */ = {
			isa = XCBuildConfiguration;
			baseConfigurationReference = D7F6706275003A5B3CBEF573 /* Pods-FaceMagik.debug.xcconfig */;
			buildSettings = {
				ASSETCATALOG_COMPILER_APPICON_NAME = AppIcon;
				ASSETCATALOG_COMPILER_GLOBAL_ACCENT_COLOR_NAME = AccentColor;
				CLANG_WARN_QUOTED_INCLUDE_IN_FRAMEWORK_HEADER = NO;
				CODE_SIGN_STYLE = Automatic;
				CURRENT_PROJECT_VERSION = 1;
				DEVELOPMENT_TEAM = 8DK67H4V9H;
				GENERATE_INFOPLIST_FILE = YES;
				INFOPLIST_FILE = FaceMagik/Info.plist;
				INFOPLIST_KEY_NSCameraUsageDescription = "Need access to your camera";
				INFOPLIST_KEY_UIApplicationSupportsIndirectInputEvents = YES;
				INFOPLIST_KEY_UILaunchStoryboardName = LaunchScreen;
				INFOPLIST_KEY_UIMainStoryboardFile = Main;
				INFOPLIST_KEY_UISupportedInterfaceOrientations_iPad = "UIInterfaceOrientationPortrait UIInterfaceOrientationPortraitUpsideDown UIInterfaceOrientationLandscapeLeft UIInterfaceOrientationLandscapeRight";
				INFOPLIST_KEY_UISupportedInterfaceOrientations_iPhone = "UIInterfaceOrientationPortrait UIInterfaceOrientationLandscapeLeft UIInterfaceOrientationLandscapeRight";
				IPHONEOS_DEPLOYMENT_TARGET = 15.4;
				LD_RUNPATH_SEARCH_PATHS = (
					"$(inherited)",
					"@executable_path/Frameworks",
				);
				MARKETING_VERSION = 1.0;
				PRODUCT_BUNDLE_IDENTIFIER = com.Addarsh.FaceMagik;
				PRODUCT_NAME = "$(TARGET_NAME)";
				SWIFT_EMIT_LOC_STRINGS = YES;
				SWIFT_VERSION = 5.0;
				TARGETED_DEVICE_FAMILY = 1;
			};
			name = Debug;
		};
		986A650C27E7C4870002770F /* Release */ = {
			isa = XCBuildConfiguration;
			baseConfigurationReference = 16B9F3C73AF57F14EE497D88 /* Pods-FaceMagik.release.xcconfig */;
			buildSettings = {
				ASSETCATALOG_COMPILER_APPICON_NAME = AppIcon;
				ASSETCATALOG_COMPILER_GLOBAL_ACCENT_COLOR_NAME = AccentColor;
				CLANG_WARN_QUOTED_INCLUDE_IN_FRAMEWORK_HEADER = NO;
				CODE_SIGN_STYLE = Automatic;
				CURRENT_PROJECT_VERSION = 1;
				DEVELOPMENT_TEAM = 8DK67H4V9H;
				GENERATE_INFOPLIST_FILE = YES;
				INFOPLIST_FILE = FaceMagik/Info.plist;
				INFOPLIST_KEY_NSCameraUsageDescription = "Need access to your camera";
				INFOPLIST_KEY_UIApplicationSupportsIndirectInputEvents = YES;
				INFOPLIST_KEY_UILaunchStoryboardName = LaunchScreen;
				INFOPLIST_KEY_UIMainStoryboardFile = Main;
				INFOPLIST_KEY_UISupportedInterfaceOrientations_iPad = "UIInterfaceOrientationPortrait UIInterfaceOrientationPortraitUpsideDown UIInterfaceOrientationLandscapeLeft UIInterfaceOrientationLandscapeRight";
				INFOPLIST_KEY_UISupportedInterfaceOrientations_iPhone = "UIInterfaceOrientationPortrait UIInterfaceOrientationLandscapeLeft UIInterfaceOrientationLandscapeRight";
				IPHONEOS_DEPLOYMENT_TARGET = 15.4;
				LD_RUNPATH_SEARCH_PATHS = (
					"$(inherited)",
					"@executable_path/Frameworks",
				);
				MARKETING_VERSION = 1.0;
				PRODUCT_BUNDLE_IDENTIFIER = com.Addarsh.FaceMagik;
				PRODUCT_NAME = "$(TARGET_NAME)";
				SWIFT_EMIT_LOC_STRINGS = YES;
				SWIFT_VERSION = 5.0;
				TARGETED_DEVICE_FAMILY = 1;
			};
			name = Release;
		};
		986A650E27E7C4870002770F /* Debug */ = {
			isa = XCBuildConfiguration;
			baseConfigurationReference = 06983E966C4A34304C89D026 /* Pods-FaceMagikTests.debug.xcconfig */;
			buildSettings = {
				ALWAYS_EMBED_SWIFT_STANDARD_LIBRARIES = YES;
				BUNDLE_LOADER = "$(TEST_HOST)";
				CODE_SIGN_STYLE = Automatic;
				CURRENT_PROJECT_VERSION = 1;
				DEVELOPMENT_TEAM = 8DK67H4V9H;
				GENERATE_INFOPLIST_FILE = YES;
				IPHONEOS_DEPLOYMENT_TARGET = 15.2;
				MARKETING_VERSION = 1.0;
				PRODUCT_BUNDLE_IDENTIFIER = com.Addarsh.FaceMagikTests;
				PRODUCT_NAME = "$(TARGET_NAME)";
				SWIFT_EMIT_LOC_STRINGS = NO;
				SWIFT_VERSION = 5.0;
				TARGETED_DEVICE_FAMILY = "1,2";
				TEST_HOST = "$(BUILT_PRODUCTS_DIR)/FaceMagik.app/FaceMagik";
			};
			name = Debug;
		};
		986A650F27E7C4870002770F /* Release */ = {
			isa = XCBuildConfiguration;
			baseConfigurationReference = BC5CD5A31F30FA87E12FA1CA /* Pods-FaceMagikTests.release.xcconfig */;
			buildSettings = {
				ALWAYS_EMBED_SWIFT_STANDARD_LIBRARIES = YES;
				BUNDLE_LOADER = "$(TEST_HOST)";
				CODE_SIGN_STYLE = Automatic;
				CURRENT_PROJECT_VERSION = 1;
				DEVELOPMENT_TEAM = 8DK67H4V9H;
				GENERATE_INFOPLIST_FILE = YES;
				IPHONEOS_DEPLOYMENT_TARGET = 15.2;
				MARKETING_VERSION = 1.0;
				PRODUCT_BUNDLE_IDENTIFIER = com.Addarsh.FaceMagikTests;
				PRODUCT_NAME = "$(TARGET_NAME)";
				SWIFT_EMIT_LOC_STRINGS = NO;
				SWIFT_VERSION = 5.0;
				TARGETED_DEVICE_FAMILY = "1,2";
				TEST_HOST = "$(BUILT_PRODUCTS_DIR)/FaceMagik.app/FaceMagik";
			};
			name = Release;
		};
		986A651127E7C4870002770F /* Debug */ = {
			isa = XCBuildConfiguration;
			baseConfigurationReference = C711CE50A3DC8FEFB9E50400 /* Pods-FaceMagik-FaceMagikUITests.debug.xcconfig */;
			buildSettings = {
				ALWAYS_EMBED_SWIFT_STANDARD_LIBRARIES = YES;
				CODE_SIGN_STYLE = Automatic;
				CURRENT_PROJECT_VERSION = 1;
				DEVELOPMENT_TEAM = 8DK67H4V9H;
				GENERATE_INFOPLIST_FILE = YES;
				MARKETING_VERSION = 1.0;
				PRODUCT_BUNDLE_IDENTIFIER = com.Addarsh.FaceMagikUITests;
				PRODUCT_NAME = "$(TARGET_NAME)";
				SWIFT_EMIT_LOC_STRINGS = NO;
				SWIFT_VERSION = 5.0;
				TARGETED_DEVICE_FAMILY = "1,2";
				TEST_TARGET_NAME = FaceMagik;
			};
			name = Debug;
		};
		986A651227E7C4870002770F /* Release */ = {
			isa = XCBuildConfiguration;
			baseConfigurationReference = 9241BA7B038F66DCF66B2607 /* Pods-FaceMagik-FaceMagikUITests.release.xcconfig */;
			buildSettings = {
				ALWAYS_EMBED_SWIFT_STANDARD_LIBRARIES = YES;
				CODE_SIGN_STYLE = Automatic;
				CURRENT_PROJECT_VERSION = 1;
				DEVELOPMENT_TEAM = 8DK67H4V9H;
				GENERATE_INFOPLIST_FILE = YES;
				MARKETING_VERSION = 1.0;
				PRODUCT_BUNDLE_IDENTIFIER = com.Addarsh.FaceMagikUITests;
				PRODUCT_NAME = "$(TARGET_NAME)";
				SWIFT_EMIT_LOC_STRINGS = NO;
				SWIFT_VERSION = 5.0;
				TARGETED_DEVICE_FAMILY = "1,2";
				TEST_TARGET_NAME = FaceMagik;
			};
			name = Release;
		};
/* End XCBuildConfiguration section */

/* Begin XCConfigurationList section */
		986A64DB27E7C4850002770F /* Build configuration list for PBXProject "FaceMagik" */ = {
			isa = XCConfigurationList;
			buildConfigurations = (
				986A650827E7C4870002770F /* Debug */,
				986A650927E7C4870002770F /* Release */,
			);
			defaultConfigurationIsVisible = 0;
			defaultConfigurationName = Release;
		};
		986A650A27E7C4870002770F /* Build configuration list for PBXNativeTarget "FaceMagik" */ = {
			isa = XCConfigurationList;
			buildConfigurations = (
				986A650B27E7C4870002770F /* Debug */,
				986A650C27E7C4870002770F /* Release */,
			);
			defaultConfigurationIsVisible = 0;
			defaultConfigurationName = Release;
		};
		986A650D27E7C4870002770F /* Build configuration list for PBXNativeTarget "FaceMagikTests" */ = {
			isa = XCConfigurationList;
			buildConfigurations = (
				986A650E27E7C4870002770F /* Debug */,
				986A650F27E7C4870002770F /* Release */,
			);
			defaultConfigurationIsVisible = 0;
			defaultConfigurationName = Release;
		};
		986A651027E7C4870002770F /* Build configuration list for PBXNativeTarget "FaceMagikUITests" */ = {
			isa = XCConfigurationList;
			buildConfigurations = (
				986A651127E7C4870002770F /* Debug */,
				986A651227E7C4870002770F /* Release */,
			);
			defaultConfigurationIsVisible = 0;
			defaultConfigurationName = Release;
		};
/* End XCConfigurationList section */
	};
	rootObject = 986A64D827E7C4850002770F /* Project object */;
}
